# This file is automatically @generated by Cargo.
# It is not intended for manual editing.
version = 4

[[package]]
name = "const-primes"
version = "0.10.4"
source = "registry+https://github.com/rust-lang/crates.io-index"
checksum = "5d8a412bf15b3acbb09fb860ab15718c7b82e94ff92eaf0e2b922a0538b9438f"

[[package]]
name = "hash_map"
version = "0.1.0"
dependencies = [
 "const-primes",
]

[[package]]
name = "hash_perf"
version = "0.1.0"
dependencies = [
 "hash_map",
]
