# This file is automatically @generated by Cargo.
# It is not intended for manual editing.
version = 4

[[package]]
name = "const-primes"
version = "0.10.4"
source = "registry+https://github.com/rust-lang/crates.io-index"
checksum = "5d8a412bf15b3acbb09fb860ab15718c7b82e94ff92eaf0e2b922a0538b9438f"

[[package]]
name = "const_guards"
version = "0.1.3"
source = "registry+https://github.com/rust-lang/crates.io-index"
checksum = "31bea7450763bb016c799867b2ca1eca8fc35da4bb04a2718c95c7404d700351"
dependencies = [
 "const_guards_attribute",
]

[[package]]
name = "const_guards_attribute"
version = "0.1.3"
source = "registry+https://github.com/rust-lang/crates.io-index"
checksum = "b1a3bcf293499dab82df1edf18cc79801dc9228a46dd6d014477718afa040f84"
dependencies = [
 "derive-syn-parse",
 "proc-macro2",
 "quote",
 "syn",
]

[[package]]
name = "derive-syn-parse"
version = "0.1.5"
source = "registry+https://github.com/rust-lang/crates.io-index"
checksum = "e79116f119dd1dba1abf1f3405f03b9b0e79a27a3883864bfebded8a3dc768cd"
dependencies = [
 "proc-macro2",
 "quote",
 "syn",
]

[[package]]
name = "hash_map"
version = "0.1.0"
dependencies = [
 "const-primes",
 "const_guards",
]

[[package]]
name = "proc-macro2"
version = "1.0.95"
source = "registry+https://github.com/rust-lang/crates.io-index"
checksum = "02b3e5e68a3a1a02aad3ec490a98007cbc13c37cbe84a3cd7b8e406d76e7f778"
dependencies = [
 "unicode-ident",
]

[[package]]
name = "quote"
version = "1.0.40"
source = "registry+https://github.com/rust-lang/crates.io-index"
checksum = "1885c039570dc00dcb4ff087a89e185fd56bae234ddc7f056a945bf36467248d"
dependencies = [
 "proc-macro2",
]

[[package]]
name = "syn"
version = "1.0.109"
source = "registry+https://github.com/rust-lang/crates.io-index"
checksum = "72b64191b275b66ffe2469e8af2c1cfe3bafa67b529ead792a6d0160888b4237"
dependencies = [
 "proc-macro2",
 "quote",
 "unicode-ident",
]

[[package]]
name = "unicode-ident"
version = "1.0.18"
source = "registry+https://github.com/rust-lang/crates.io-index"
checksum = "5a5f39404a5da50712a4c1eecf25e90dd62b613502b7e925fd4e4d19b5c96512"
